
Microsoft Visual Studio Solution File, Format Version 12.00
# Visual Studio Version 16
VisualStudioVersion = 16.0.30114.105
MinimumVisualStudioVersion = 10.0.40219.1
Project("{2150E333-8FDC-42A3-9474-1A3956D46DE8}") = "src", "src", "{9841D86F-0F93-43B2-934B-7F65AA95504F}"
EndProject
Project("{FAE04EC0-301F-11D3-BF4B-00C04F79EFBC}") = "AuctionService", "src\AuctionService\AuctionService.csproj", "{7EC2E293-ECED-4153-BC52-67D7CAE35F5C}"
EndProject
Project("{FAE04EC0-301F-11D3-BF4B-00C04F79EFBC}") = "SearchService", "src\SearchService\SearchService.csproj", "{17E8B32B-8DA0-485E-8E18-B54DFA07911C}"
EndProject
Global
	GlobalSection(SolutionConfigurationPlatforms) = preSolution
		Debug|Any CPU = Debug|Any CPU
		Release|Any CPU = Release|Any CPU
	EndGlobalSection
	GlobalSection(SolutionProperties) = preSolution
		HideSolutionNode = FALSE
	EndGlobalSection
	GlobalSection(ProjectConfigurationPlatforms) = postSolution
		{7EC2E293-ECED-4153-BC52-67D7CAE35F5C}.Debug|Any CPU.ActiveCfg = Debug|Any CPU
		{7EC2E293-ECED-4153-BC52-67D7CAE35F5C}.Debug|Any CPU.Build.0 = Debug|Any CPU
		{7EC2E293-ECED-4153-BC52-67D7CAE35F5C}.Release|Any CPU.ActiveCfg = Release|Any CPU
		{7EC2E293-ECED-4153-BC52-67D7CAE35F5C}.Release|Any CPU.Build.0 = Release|Any CPU
		{17E8B32B-8DA0-485E-8E18-B54DFA07911C}.Debug|Any CPU.ActiveCfg = Debug|Any CPU
		{17E8B32B-8DA0-485E-8E18-B54DFA07911C}.Debug|Any CPU.Build.0 = Debug|Any CPU
		{17E8B32B-8DA0-485E-8E18-B54DFA07911C}.Release|Any CPU.ActiveCfg = Release|Any CPU
		{17E8B32B-8DA0-485E-8E18-B54DFA07911C}.Release|Any CPU.Build.0 = Release|Any CPU
	EndGlobalSection
	GlobalSection(NestedProjects) = preSolution
		{7EC2E293-ECED-4153-BC52-67D7CAE35F5C} = {9841D86F-0F93-43B2-934B-7F65AA95504F}
		{17E8B32B-8DA0-485E-8E18-B54DFA07911C} = {9841D86F-0F93-43B2-934B-7F65AA95504F}
	EndGlobalSection
EndGlobal
